
Microsoft Visual Studio Solution File, Format Version 12.00
# Visual Studio Version 17
VisualStudioVersion = 17.9.34622.214
MinimumVisualStudioVersion = 10.0.40219.1
Project("{9A19103F-16F7-4668-BE54-9A1E7A4F7556}") = "SuperShop", "SuperShop\SuperShop.csproj", "{B1F18C7D-41A6-4287-8BE9-D6D2B2663F2E}"
EndProject
Project("{FAE04EC0-301F-11D3-BF4B-00C04F79EFBC}") = "SuperShop.Prism", "SuperShop.Prism\SuperShop.Prism\SuperShop.Prism.csproj", "{EF9EFB58-818B-4DE4-99BE-0742D4972F5F}"
EndProject
Project("{FAE04EC0-301F-11D3-BF4B-00C04F79EFBC}") = "SuperShop.Prism.Android", "SuperShop.Prism\SuperShop.Prism.Android\SuperShop.Prism.Android.csproj", "{9A1C7150-FCD3-4E31-B039-780D176929DA}"
EndProject
Project("{FAE04EC0-301F-11D3-BF4B-00C04F79EFBC}") = "SuperShop.Prism.iOS", "SuperShop.Prism\SuperShop.Prism.iOS\SuperShop.Prism.iOS.csproj", "{61006002-57D2-4BCD-B4A1-4CF582270DA9}"
EndProject
Global
	GlobalSection(SolutionConfigurationPlatforms) = preSolution
		Ad-Hoc|Any CPU = Ad-Hoc|Any CPU
		Ad-Hoc|iPhone = Ad-Hoc|iPhone
		Ad-Hoc|iPhoneSimulator = Ad-Hoc|iPhoneSimulator
		AppStore|Any CPU = AppStore|Any CPU
		AppStore|iPhone = AppStore|iPhone
		AppStore|iPhoneSimulator = AppStore|iPhoneSimulator
		Debug|Any CPU = Debug|Any CPU
		Debug|iPhone = Debug|iPhone
		Debug|iPhoneSimulator = Debug|iPhoneSimulator
		Release|Any CPU = Release|Any CPU
		Release|iPhone = Release|iPhone
		Release|iPhoneSimulator = Release|iPhoneSimulator
	EndGlobalSection
	GlobalSection(ProjectConfigurationPlatforms) = postSolution
		{B1F18C7D-41A6-4287-8BE9-D6D2B2663F2E}.Ad-Hoc|Any CPU.ActiveCfg = Release|Any CPU
		{B1F18C7D-41A6-4287-8BE9-D6D2B2663F2E}.Ad-Hoc|Any CPU.Build.0 = Release|Any CPU
		{B1F18C7D-41A6-4287-8BE9-D6D2B2663F2E}.Ad-Hoc|iPhone.ActiveCfg = Release|Any CPU
		{B1F18C7D-41A6-4287-8BE9-D6D2B2663F2E}.Ad-Hoc|iPhone.Build.0 = Release|Any CPU
		{B1F18C7D-41A6-4287-8BE9-D6D2B2663F2E}.Ad-Hoc|iPhoneSimulator.ActiveCfg = Release|Any CPU
		{B1F18C7D-41A6-4287-8BE9-D6D2B2663F2E}.Ad-Hoc|iPhoneSimulator.Build.0 = Release|Any CPU
		{B1F18C7D-41A6-4287-8BE9-D6D2B2663F2E}.AppStore|Any CPU.ActiveCfg = Release|Any CPU
		{B1F18C7D-41A6-4287-8BE9-D6D2B2663F2E}.AppStore|Any CPU.Build.0 = Release|Any CPU
		{B1F18C7D-41A6-4287-8BE9-D6D2B2663F2E}.AppStore|iPhone.ActiveCfg = Release|Any CPU
		{B1F18C7D-41A6-4287-8BE9-D6D2B2663F2E}.AppStore|iPhone.Build.0 = Release|Any CPU
		{B1F18C7D-41A6-4287-8BE9-D6D2B2663F2E}.AppStore|iPhoneSimulator.ActiveCfg = Release|Any CPU
		{B1F18C7D-41A6-4287-8BE9-D6D2B2663F2E}.AppStore|iPhoneSimulator.Build.0 = Release|Any CPU
		{B1F18C7D-41A6-4287-8BE9-D6D2B2663F2E}.Debug|Any CPU.ActiveCfg = Debug|Any CPU
		{B1F18C7D-41A6-4287-8BE9-D6D2B2663F2E}.Debug|Any CPU.Build.0 = Debug|Any CPU
		{B1F18C7D-41A6-4287-8BE9-D6D2B2663F2E}.Debug|iPhone.ActiveCfg = Debug|Any CPU
		{B1F18C7D-41A6-4287-8BE9-D6D2B2663F2E}.Debug|iPhone.Build.0 = Debug|Any CPU
		{B1F18C7D-41A6-4287-8BE9-D6D2B2663F2E}.Debug|iPhoneSimulator.ActiveCfg = Debug|Any CPU
		{B1F18C7D-41A6-4287-8BE9-D6D2B2663F2E}.Debug|iPhoneSimulator.Build.0 = Debug|Any CPU
		{B1F18C7D-41A6-4287-8BE9-D6D2B2663F2E}.Release|Any CPU.ActiveCfg = Release|Any CPU
		{B1F18C7D-41A6-4287-8BE9-D6D2B2663F2E}.Release|Any CPU.Build.0 = Release|Any CPU
		{B1F18C7D-41A6-4287-8BE9-D6D2B2663F2E}.Release|iPhone.ActiveCfg = Release|Any CPU
		{B1F18C7D-41A6-4287-8BE9-D6D2B2663F2E}.Release|iPhone.Build.0 = Release|Any CPU
		{B1F18C7D-41A6-4287-8BE9-D6D2B2663F2E}.Release|iPhoneSimulator.ActiveCfg = Release|Any CPU
		{B1F18C7D-41A6-4287-8BE9-D6D2B2663F2E}.Release|iPhoneSimulator.Build.0 = Release|Any CPU
		{EF9EFB58-818B-4DE4-99BE-0742D4972F5F}.Ad-Hoc|Any CPU.ActiveCfg = Debug|Any CPU
		{EF9EFB58-818B-4DE4-99BE-0742D4972F5F}.Ad-Hoc|Any CPU.Build.0 = Debug|Any CPU
		{EF9EFB58-818B-4DE4-99BE-0742D4972F5F}.Ad-Hoc|iPhone.ActiveCfg = Debug|Any CPU
		{EF9EFB58-818B-4DE4-99BE-0742D4972F5F}.Ad-Hoc|iPhone.Build.0 = Debug|Any CPU
		{EF9EFB58-818B-4DE4-99BE-0742D4972F5F}.Ad-Hoc|iPhoneSimulator.ActiveCfg = Debug|Any CPU
		{EF9EFB58-818B-4DE4-99BE-0742D4972F5F}.Ad-Hoc|iPhoneSimulator.Build.0 = Debug|Any CPU
		{EF9EFB58-818B-4DE4-99BE-0742D4972F5F}.AppStore|Any CPU.ActiveCfg = Debug|Any CPU
		{EF9EFB58-818B-4DE4-99BE-0742D4972F5F}.AppStore|Any CPU.Build.0 = Debug|Any CPU
		{EF9EFB58-818B-4DE4-99BE-0742D4972F5F}.AppStore|iPhone.ActiveCfg = Debug|Any CPU
		{EF9EFB58-818B-4DE4-99BE-0742D4972F5F}.AppStore|iPhone.Build.0 = Debug|Any CPU
		{EF9EFB58-818B-4DE4-99BE-0742D4972F5F}.AppStore|iPhoneSimulator.ActiveCfg = Debug|Any CPU
		{EF9EFB58-818B-4DE4-99BE-0742D4972F5F}.AppStore|iPhoneSimulator.Build.0 = Debug|Any CPU
		{EF9EFB58-818B-4DE4-99BE-0742D4972F5F}.Debug|Any CPU.ActiveCfg = Debug|Any CPU
		{EF9EFB58-818B-4DE4-99BE-0742D4972F5F}.Debug|Any CPU.Build.0 = Debug|Any CPU
		{EF9EFB58-818B-4DE4-99BE-0742D4972F5F}.Debug|iPhone.ActiveCfg = Debug|Any CPU
		{EF9EFB58-818B-4DE4-99BE-0742D4972F5F}.Debug|iPhone.Build.0 = Debug|Any CPU
		{EF9EFB58-818B-4DE4-99BE-0742D4972F5F}.Debug|iPhoneSimulator.ActiveCfg = Debug|Any CPU
		{EF9EFB58-818B-4DE4-99BE-0742D4972F5F}.Debug|iPhoneSimulator.Build.0 = Debug|Any CPU
		{EF9EFB58-818B-4DE4-99BE-0742D4972F5F}.Release|Any CPU.ActiveCfg = Release|Any CPU
		{EF9EFB58-818B-4DE4-99BE-0742D4972F5F}.Release|Any CPU.Build.0 = Release|Any CPU
		{EF9EFB58-818B-4DE4-99BE-0742D4972F5F}.Release|iPhone.ActiveCfg = Release|Any CPU
		{EF9EFB58-818B-4DE4-99BE-0742D4972F5F}.Release|iPhone.Build.0 = Release|Any CPU
		{EF9EFB58-818B-4DE4-99BE-0742D4972F5F}.Release|iPhoneSimulator.ActiveCfg = Release|Any CPU
		{EF9EFB58-818B-4DE4-99BE-0742D4972F5F}.Release|iPhoneSimulator.Build.0 = Release|Any CPU
		{9A1C7150-FCD3-4E31-B039-780D176929DA}.Ad-Hoc|Any CPU.ActiveCfg = Debug|Any CPU
		{9A1C7150-FCD3-4E31-B039-780D176929DA}.Ad-Hoc|Any CPU.Build.0 = Debug|Any CPU
		{9A1C7150-FCD3-4E31-B039-780D176929DA}.Ad-Hoc|Any CPU.Deploy.0 = Debug|Any CPU
		{9A1C7150-FCD3-4E31-B039-780D176929DA}.Ad-Hoc|iPhone.ActiveCfg = Debug|Any CPU
		{9A1C7150-FCD3-4E31-B039-780D176929DA}.Ad-Hoc|iPhone.Build.0 = Debug|Any CPU
		{9A1C7150-FCD3-4E31-B039-780D176929DA}.Ad-Hoc|iPhone.Deploy.0 = Debug|Any CPU
		{9A1C7150-FCD3-4E31-B039-780D176929DA}.Ad-Hoc|iPhoneSimulator.ActiveCfg = Debug|Any CPU
		{9A1C7150-FCD3-4E31-B039-780D176929DA}.Ad-Hoc|iPhoneSimulator.Build.0 = Debug|Any CPU
		{9A1C7150-FCD3-4E31-B039-780D176929DA}.Ad-Hoc|iPhoneSimulator.Deploy.0 = Debug|Any CPU
		{9A1C7150-FCD3-4E31-B039-780D176929DA}.AppStore|Any CPU.ActiveCfg = Debug|Any CPU
		{9A1C7150-FCD3-4E31-B039-780D176929DA}.AppStore|Any CPU.Build.0 = Debug|Any CPU
		{9A1C7150-FCD3-4E31-B039-780D176929DA}.AppStore|Any CPU.Deploy.0 = Debug|Any CPU
		{9A1C7150-FCD3-4E31-B039-780D176929DA}.AppStore|iPhone.ActiveCfg = Debug|Any CPU
		{9A1C7150-FCD3-4E31-B039-780D176929DA}.AppStore|iPhone.Build.0 = Debug|Any CPU
		{9A1C7150-FCD3-4E31-B039-780D176929DA}.AppStore|iPhone.Deploy.0 = Debug|Any CPU
		{9A1C7150-FCD3-4E31-B039-780D176929DA}.AppStore|iPhoneSimulator.ActiveCfg = Debug|Any CPU
		{9A1C7150-FCD3-4E31-B039-780D176929DA}.AppStore|iPhoneSimulator.Build.0 = Debug|Any CPU
		{9A1C7150-FCD3-4E31-B039-780D176929DA}.AppStore|iPhoneSimulator.Deploy.0 = Debug|Any CPU
		{9A1C7150-FCD3-4E31-B039-780D176929DA}.Debug|Any CPU.ActiveCfg = Debug|Any CPU
		{9A1C7150-FCD3-4E31-B039-780D176929DA}.Debug|Any CPU.Build.0 = Debug|Any CPU
		{9A1C7150-FCD3-4E31-B039-780D176929DA}.Debug|Any CPU.Deploy.0 = Debug|Any CPU
		{9A1C7150-FCD3-4E31-B039-780D176929DA}.Debug|iPhone.ActiveCfg = Debug|Any CPU
		{9A1C7150-FCD3-4E31-B039-780D176929DA}.Debug|iPhone.Build.0 = Debug|Any CPU
		{9A1C7150-FCD3-4E31-B039-780D176929DA}.Debug|iPhone.Deploy.0 = Debug|Any CPU
		{9A1C7150-FCD3-4E31-B039-780D176929DA}.Debug|iPhoneSimulator.ActiveCfg = Debug|Any CPU
		{9A1C7150-FCD3-4E31-B039-780D176929DA}.Debug|iPhoneSimulator.Build.0 = Debug|Any CPU
		{9A1C7150-FCD3-4E31-B039-780D176929DA}.Debug|iPhoneSimulator.Deploy.0 = Debug|Any CPU
		{9A1C7150-FCD3-4E31-B039-780D176929DA}.Release|Any CPU.ActiveCfg = Release|Any CPU
		{9A1C7150-FCD3-4E31-B039-780D176929DA}.Release|Any CPU.Build.0 = Release|Any CPU
		{9A1C7150-FCD3-4E31-B039-780D176929DA}.Release|Any CPU.Deploy.0 = Release|Any CPU
		{9A1C7150-FCD3-4E31-B039-780D176929DA}.Release|iPhone.ActiveCfg = Release|Any CPU
		{9A1C7150-FCD3-4E31-B039-780D176929DA}.Release|iPhone.Build.0 = Release|Any CPU
		{9A1C7150-FCD3-4E31-B039-780D176929DA}.Release|iPhone.Deploy.0 = Release|Any CPU
		{9A1C7150-FCD3-4E31-B039-780D176929DA}.Release|iPhoneSimulator.ActiveCfg = Release|Any CPU
		{9A1C7150-FCD3-4E31-B039-780D176929DA}.Release|iPhoneSimulator.Build.0 = Release|Any CPU
		{9A1C7150-FCD3-4E31-B039-780D176929DA}.Release|iPhoneSimulator.Deploy.0 = Release|Any CPU
		{61006002-57D2-4BCD-B4A1-4CF582270DA9}.Ad-Hoc|Any CPU.ActiveCfg = Ad-Hoc|iPhoneSimulator
		{61006002-57D2-4BCD-B4A1-4CF582270DA9}.Ad-Hoc|Any CPU.Build.0 = Ad-Hoc|iPhoneSimulator
		{61006002-57D2-4BCD-B4A1-4CF582270DA9}.Ad-Hoc|iPhone.ActiveCfg = Ad-Hoc|iPhone
		{61006002-57D2-4BCD-B4A1-4CF582270DA9}.Ad-Hoc|iPhone.Build.0 = Ad-Hoc|iPhone
		{61006002-57D2-4BCD-B4A1-4CF582270DA9}.Ad-Hoc|iPhoneSimulator.ActiveCfg = Ad-Hoc|iPhoneSimulator
		{61006002-57D2-4BCD-B4A1-4CF582270DA9}.Ad-Hoc|iPhoneSimulator.Build.0 = Ad-Hoc|iPhoneSimulator
		{61006002-57D2-4BCD-B4A1-4CF582270DA9}.AppStore|Any CPU.ActiveCfg = AppStore|iPhoneSimulator
		{61006002-57D2-4BCD-B4A1-4CF582270DA9}.AppStore|Any CPU.Build.0 = AppStore|iPhoneSimulator
		{61006002-57D2-4BCD-B4A1-4CF582270DA9}.AppStore|iPhone.ActiveCfg = AppStore|iPhone
		{61006002-57D2-4BCD-B4A1-4CF582270DA9}.AppStore|iPhone.Build.0 = AppStore|iPhone
		{61006002-57D2-4BCD-B4A1-4CF582270DA9}.AppStore|iPhoneSimulator.ActiveCfg = AppStore|iPhoneSimulator
		{61006002-57D2-4BCD-B4A1-4CF582270DA9}.AppStore|iPhoneSimulator.Build.0 = AppStore|iPhoneSimulator
		{61006002-57D2-4BCD-B4A1-4CF582270DA9}.Debug|Any CPU.ActiveCfg = Debug|iPhoneSimulator
		{61006002-57D2-4BCD-B4A1-4CF582270DA9}.Debug|Any CPU.Build.0 = Debug|iPhoneSimulator
		{61006002-57D2-4BCD-B4A1-4CF582270DA9}.Debug|iPhone.ActiveCfg = Debug|iPhone
		{61006002-57D2-4BCD-B4A1-4CF582270DA9}.Debug|iPhone.Build.0 = Debug|iPhone
		{61006002-57D2-4BCD-B4A1-4CF582270DA9}.Debug|iPhoneSimulator.ActiveCfg = Debug|iPhoneSimulator
		{61006002-57D2-4BCD-B4A1-4CF582270DA9}.Debug|iPhoneSimulator.Build.0 = Debug|iPhoneSimulator
		{61006002-57D2-4BCD-B4A1-4CF582270DA9}.Release|Any CPU.ActiveCfg = Release|iPhoneSimulator
		{61006002-57D2-4BCD-B4A1-4CF582270DA9}.Release|Any CPU.Build.0 = Release|iPhoneSimulator
		{61006002-57D2-4BCD-B4A1-4CF582270DA9}.Release|iPhone.ActiveCfg = Release|iPhone
		{61006002-57D2-4BCD-B4A1-4CF582270DA9}.Release|iPhone.Build.0 = Release|iPhone
		{61006002-57D2-4BCD-B4A1-4CF582270DA9}.Release|iPhoneSimulator.ActiveCfg = Release|iPhoneSimulator
		{61006002-57D2-4BCD-B4A1-4CF582270DA9}.Release|iPhoneSimulator.Build.0 = Release|iPhoneSimulator
	EndGlobalSection
	GlobalSection(SolutionProperties) = preSolution
		HideSolutionNode = FALSE
	EndGlobalSection
	GlobalSection(ExtensibilityGlobals) = postSolution
		SolutionGuid = {07F61731-FDF0-4A75-AD28-823A3014BD8C}
	EndGlobalSection
EndGlobal
